<?xml version="1.0" encoding="utf-8"?>
<Project ToolsVersion="4.0" xmlns="http://schemas.microsoft.com/developer/msbuild/2003">
  <ItemGroup>
    <Filter Include="win32">
      <UniqueIdentifier>{84a8ebd7-7cf0-47f6-b75e-d441df67da40}</UniqueIdentifier>
    </Filter>
    <Filter Include="resource">
      <UniqueIdentifier>{715254bc-d70b-4ec5-bf29-467dd3ace079}</UniqueIdentifier>
    </Filter>
    <Filter Include="src">
      <UniqueIdentifier>{bb6c862e-70e9-49d9-81b7-3829a6f50471}</UniqueIdentifier>
    </Filter>
    <Filter Include="Classes">
      <UniqueIdentifier>{2f7391ca-8cf3-4120-a767-ea27159fc6db}</UniqueIdentifier>
    </Filter>
    <Filter Include="Classes\game">
      <UniqueIdentifier>{47d38123-e97c-4fee-9042-a4169b34cbb1}</UniqueIdentifier>
    </Filter>
    <Filter Include="Classes\game\ui">
      <UniqueIdentifier>{2595d787-89d7-4413-b3f4-92a1f4492f2e}</UniqueIdentifier>
    </Filter>
    <Filter Include="Classes\game\scene">
      <UniqueIdentifier>{cb80f4c9-3c80-45dd-94dc-888f5985a039}</UniqueIdentifier>
    </Filter>
    <Filter Include="Classes\game\entity">
      <UniqueIdentifier>{7c688d45-6434-4696-a43a-98df5f3db48d}</UniqueIdentifier>
    </Filter>
    <Filter Include="Classes\game\map">
      <UniqueIdentifier>{9b717557-508e-4ee2-85d1-3adb3c7a8d2b}</UniqueIdentifier>
    </Filter>
    <Filter Include="Classes\game\logic">
      <UniqueIdentifier>{1396deec-e1a7-4d3e-a561-5d0786cdd9fc}</UniqueIdentifier>
    </Filter>
    <Filter Include="Classes\game\manager">
      <UniqueIdentifier>{b2cd50b5-adbf-41ee-b9da-31c4652a38f6}</UniqueIdentifier>
    </Filter>
    <Filter Include="Classes\utils">
      <UniqueIdentifier>{c4ceaa42-d344-4cf2-9fff-34dd2c75eb34}</UniqueIdentifier>
    </Filter>
    <Filter Include="Classes\game\warfog">
      <UniqueIdentifier>{bf9cfe62-a7fe-4005-b2f8-15697ef2aa28}</UniqueIdentifier>
    </Filter>
  </ItemGroup>
  <ItemGroup>
    <ClCompile Include="main.cpp">
      <Filter>win32</Filter>
    </ClCompile>
    <ClCompile Include="..\Classes\AppDelegate.cpp">
      <Filter>Classes</Filter>
    </ClCompile>
    <ClCompile Include="..\Classes\HelloWorldScene.cpp">
      <Filter>Classes</Filter>
    </ClCompile>
    <ClCompile Include="..\Classes\game\GameUILayer.cpp">
      <Filter>Classes\game\ui</Filter>
    </ClCompile>
    <ClCompile Include="..\Classes\game\Building.cpp">
      <Filter>Classes\game\entity</Filter>
    </ClCompile>
    <ClCompile Include="..\Classes\game\Soldier.cpp">
      <Filter>Classes\game\entity</Filter>
    </ClCompile>
    <ClCompile Include="..\Classes\game\GameScene.cpp">
      <Filter>Classes\game\scene</Filter>
    </ClCompile>
    <ClCompile Include="..\Classes\game\MapManager.cpp">
      <Filter>Classes\game\map</Filter>
    </ClCompile>
    <ClCompile Include="..\Classes\game\AutoFindPath.cpp">
      <Filter>Classes\game\map</Filter>
    </ClCompile>
    <ClCompile Include="..\Classes\game\Army.cpp">
      <Filter>Classes\game\entity</Filter>
    </ClCompile>
    <ClCompile Include="..\Classes\game\GameConfig.cpp">
      <Filter>Classes\game</Filter>
    </ClCompile>
    <ClCompile Include="..\Classes\game\GameBattle.cpp">
      <Filter>Classes\game\logic</Filter>
    </ClCompile>
    <ClCompile Include="..\Classes\game\GameObjectSelectBox.cpp">
      <Filter>Classes\game\logic</Filter>
    </ClCompile>
    <ClCompile Include="..\Classes\game\GameObject.cpp">
      <Filter>Classes\game\entity</Filter>
    </ClCompile>
    <ClCompile Include="..\Classes\game\BulletManager.cpp">
      <Filter>Classes\game\manager</Filter>
    </ClCompile>
    <ClCompile Include="..\Classes\game\GameObjectManager.cpp">
      <Filter>Classes\game\manager</Filter>
    </ClCompile>
    <ClCompile Include="..\Classes\game\SoundManager.cpp">
      <Filter>Classes\game\manager</Filter>
    </ClCompile>
    <ClCompile Include="..\Classes\game\SpecialEffectManager.cpp">
      <Filter>Classes\game\manager</Filter>
    </ClCompile>
    <ClCompile Include="..\Classes\utils\GameUtils.cpp">
      <Filter>Classes\utils</Filter>
    </ClCompile>
    <ClCompile Include="..\Classes\ui\FixUI.cpp">
      <Filter>Classes\game\ui</Filter>
    </ClCompile>
    <ClCompile Include="..\Classes\game\WarFogLayer.cpp">
      <Filter>Classes\game\warfog</Filter>
    </ClCompile>
    <ClCompile Include="..\Classes\game\TextureSprite.cpp">
      <Filter>Classes\game\warfog</Filter>
    </ClCompile>
  </ItemGroup>
  <ItemGroup>
    <ClInclude Include="main.h">
      <Filter>win32</Filter>
    </ClInclude>
    <ClInclude Include="..\Classes\AppDelegate.h">
      <Filter>Classes</Filter>
    </ClInclude>
    <ClInclude Include="..\Classes\HelloWorldScene.h">
      <Filter>Classes</Filter>
    </ClInclude>
    <ClInclude Include="..\Classes\game\GameUILayer.h">
      <Filter>Classes\game\ui</Filter>
    </ClInclude>
    <ClInclude Include="..\Classes\game\GameDefine.h">
      <Filter>Classes\game</Filter>
    </ClInclude>
    <ClInclude Include="..\Classes\game\Building.h">
      <Filter>Classes\game\entity</Filter>
    </ClInclude>
    <ClInclude Include="..\Classes\game\Soldier.h">
      <Filter>Classes\game\entity</Filter>
    </ClInclude>
    <ClInclude Include="..\Classes\game\GameScene.h">
      <Filter>Classes\game\scene</Filter>
    </ClInclude>
    <ClInclude Include="..\Classes\game\MapManager.h">
      <Filter>Classes\game\map</Filter>
    </ClInclude>
    <ClInclude Include="..\Classes\game\AutoFindPath.h">
      <Filter>Classes\game\map</Filter>
    </ClInclude>
    <ClInclude Include="..\Classes\game\Army.h">
      <Filter>Classes\game\entity</Filter>
    </ClInclude>
    <ClInclude Include="..\Classes\game\GameConfig.h">
      <Filter>Classes\game</Filter>
    </ClInclude>
    <ClInclude Include="..\Classes\game\GameBattle.h">
      <Filter>Classes\game\logic</Filter>
    </ClInclude>
    <ClInclude Include="..\Classes\game\GameObjectSelectBox.h">
      <Filter>Classes\game\logic</Filter>
    </ClInclude>
    <ClInclude Include="..\Classes\game\GameObject.h">
      <Filter>Classes\game\entity</Filter>
    </ClInclude>
    <ClInclude Include="..\Classes\game\BulletManager.h">
      <Filter>Classes\game\manager</Filter>
    </ClInclude>
    <ClInclude Include="..\Classes\game\GameObjectManager.h">
      <Filter>Classes\game\manager</Filter>
    </ClInclude>
    <ClInclude Include="..\Classes\game\SoundManager.h">
      <Filter>Classes\game\manager</Filter>
    </ClInclude>
    <ClInclude Include="..\Classes\game\SpecialEffectManager.h">
      <Filter>Classes\game\manager</Filter>
    </ClInclude>
    <ClInclude Include="..\Classes\utils\GameUtils.h">
      <Filter>Classes\utils</Filter>
    </ClInclude>
    <ClInclude Include="..\Classes\ui\FixUI.h">
      <Filter>Classes\game\ui</Filter>
    </ClInclude>
    <ClInclude Include="..\Classes\game\WarFogLayer.h">
      <Filter>Classes\game\warfog</Filter>
    </ClInclude>
    <ClInclude Include="..\Classes\game\TextureSprite.h">
      <Filter>Classes\game\warfog</Filter>
    </ClInclude>
  </ItemGroup>
  <ItemGroup>
    <ResourceCompile Include="game.rc">
      <Filter>resource</Filter>
    </ResourceCompile>
  </ItemGroup>
</Project>